
Microsoft Visual Studio Solution File, Format Version 12.00
# Visual Studio Version 17
VisualStudioVersion = 17.0.31717.71
MinimumVisualStudioVersion = 10.0.40219.1
Project("{9A19103F-16F7-4668-BE54-9A1E7A4F7556}") = "ShopApi", "Shop\Api\ShopApi.csproj", "{BE820D41-2A11-44D3-ABC1-6A184E9EA39D}"
EndProject
Project("{9A19103F-16F7-4668-BE54-9A1E7A4F7556}") = "UnitTest", "Shop\UnitTest\UnitTest.csproj", "{6AE28B86-A323-4407-A9E8-C1A42767C318}"
EndProject
Project("{2150E333-8FDC-42A3-9474-1A3956D46DE8}") = "Shop", "Shop", "{5F159B1A-D285-4CC0-B9A4-0EED5DD9E404}"
EndProject
Project("{9A19103F-16F7-4668-BE54-9A1E7A4F7556}") = "AdminApi", "Admin\Api\AdminApi.csproj", "{535EC3A8-4E19-48D3-9996-89DEC7F6D4DF}"
EndProject
Project("{9A19103F-16F7-4668-BE54-9A1E7A4F7556}") = "UnitTest", "Admin\UnitTest\UnitTest.csproj", "{6AE28B86-A323-4407-A9E8-C1A42767C317}"
EndProject
Project("{2150E333-8FDC-42A3-9474-1A3956D46DE8}") = "Admin", "Admin", "{F0955D98-F101-4EE8-BA03-2EA1897EB458}"
EndProject
Project("{9A19103F-16F7-4668-BE54-9A1E7A4F7556}") = "UserApi", "User\Api\UserApi.csproj", "{848544F1-BCAE-4B97-8171-89A92345CFA8}"
EndProject
Project("{9A19103F-16F7-4668-BE54-9A1E7A4F7556}") = "UnitTest", "User\UnitTest\UnitTest.csproj", "{6AE28B86-A323-4407-A9E8-C1A42767C319}"
EndProject
Project("{2150E333-8FDC-42A3-9474-1A3956D46DE8}") = "User", "User", "{91E67C45-416C-4B05-86EF-472B940FCAAF}"
EndProject
Project("{9A19103F-16F7-4668-BE54-9A1E7A4F7556}") = "Database", "DataAccess\Database\Database.csproj", "{20B873D1-13A0-4EB4-BDFF-7710043B041E}"
EndProject
Project("{9A19103F-16F7-4668-BE54-9A1E7A4F7556}") = "UnitTest", "DataAccess\UnitTest\UnitTest.csproj", "{6AE28B86-A323-4407-A9E8-C1A42767C329}"
EndProject
Project("{2150E333-8FDC-42A3-9474-1A3956D46DE8}") = "DataAccess", "DataAccess", "{91E67C45-416C-4B05-86EF-472B940FCABF}"
EndProject
Project("{2150E333-8FDC-42A3-9474-1A3956D46DE8}") = "Auth", "Auth", "{B36FE957-4D99-4839-9DCA-F7844DE956D4}"
EndProject
Project("{FAE04EC0-301F-11D3-BF4B-00C04F79EFBC}") = "Auth0Library", "Auth\Auth0Library\Auth0Library.csproj", "{89CF3157-27E7-4C39-850C-7B452F882B81}"
EndProject
Global
	GlobalSection(SolutionConfigurationPlatforms) = preSolution
		Debug|Any CPU = Debug|Any CPU
		Release|Any CPU = Release|Any CPU
	EndGlobalSection
	GlobalSection(ProjectConfigurationPlatforms) = postSolution
		{BE820D41-2A11-44D3-ABC1-6A184E9EA39D}.Debug|Any CPU.ActiveCfg = Debug|Any CPU
		{BE820D41-2A11-44D3-ABC1-6A184E9EA39D}.Debug|Any CPU.Build.0 = Debug|Any CPU
		{BE820D41-2A11-44D3-ABC1-6A184E9EA39D}.Release|Any CPU.ActiveCfg = Release|Any CPU
		{BE820D41-2A11-44D3-ABC1-6A184E9EA39D}.Release|Any CPU.Build.0 = Release|Any CPU
		{6AE28B86-A323-4407-A9E8-C1A42767C318}.Debug|Any CPU.ActiveCfg = Debug|Any CPU
		{6AE28B86-A323-4407-A9E8-C1A42767C318}.Debug|Any CPU.Build.0 = Debug|Any CPU
		{6AE28B86-A323-4407-A9E8-C1A42767C318}.Release|Any CPU.ActiveCfg = Release|Any CPU
		{6AE28B86-A323-4407-A9E8-C1A42767C318}.Release|Any CPU.Build.0 = Release|Any CPU
		{535EC3A8-4E19-48D3-9996-89DEC7F6D4DF}.Debug|Any CPU.ActiveCfg = Debug|Any CPU
		{535EC3A8-4E19-48D3-9996-89DEC7F6D4DF}.Debug|Any CPU.Build.0 = Debug|Any CPU
		{535EC3A8-4E19-48D3-9996-89DEC7F6D4DF}.Release|Any CPU.ActiveCfg = Release|Any CPU
		{535EC3A8-4E19-48D3-9996-89DEC7F6D4DF}.Release|Any CPU.Build.0 = Release|Any CPU
		{6AE28B86-A323-4407-A9E8-C1A42767C317}.Debug|Any CPU.ActiveCfg = Debug|Any CPU
		{6AE28B86-A323-4407-A9E8-C1A42767C317}.Debug|Any CPU.Build.0 = Debug|Any CPU
		{6AE28B86-A323-4407-A9E8-C1A42767C317}.Release|Any CPU.ActiveCfg = Release|Any CPU
		{6AE28B86-A323-4407-A9E8-C1A42767C317}.Release|Any CPU.Build.0 = Release|Any CPU
		{848544F1-BCAE-4B97-8171-89A92345CFA8}.Debug|Any CPU.ActiveCfg = Debug|Any CPU
		{848544F1-BCAE-4B97-8171-89A92345CFA8}.Debug|Any CPU.Build.0 = Debug|Any CPU
		{848544F1-BCAE-4B97-8171-89A92345CFA8}.Release|Any CPU.ActiveCfg = Release|Any CPU
		{848544F1-BCAE-4B97-8171-89A92345CFA8}.Release|Any CPU.Build.0 = Release|Any CPU
		{6AE28B86-A323-4407-A9E8-C1A42767C319}.Debug|Any CPU.ActiveCfg = Debug|Any CPU
		{6AE28B86-A323-4407-A9E8-C1A42767C319}.Debug|Any CPU.Build.0 = Debug|Any CPU
		{6AE28B86-A323-4407-A9E8-C1A42767C319}.Release|Any CPU.ActiveCfg = Release|Any CPU
		{6AE28B86-A323-4407-A9E8-C1A42767C319}.Release|Any CPU.Build.0 = Release|Any CPU
		{20B873D1-13A0-4EB4-BDFF-7710043B041E}.Debug|Any CPU.ActiveCfg = Debug|Any CPU
		{20B873D1-13A0-4EB4-BDFF-7710043B041E}.Debug|Any CPU.Build.0 = Debug|Any CPU
		{20B873D1-13A0-4EB4-BDFF-7710043B041E}.Release|Any CPU.ActiveCfg = Release|Any CPU
		{20B873D1-13A0-4EB4-BDFF-7710043B041E}.Release|Any CPU.Build.0 = Release|Any CPU
		{6AE28B86-A323-4407-A9E8-C1A42767C329}.Debug|Any CPU.ActiveCfg = Debug|Any CPU
		{6AE28B86-A323-4407-A9E8-C1A42767C329}.Debug|Any CPU.Build.0 = Debug|Any CPU
		{6AE28B86-A323-4407-A9E8-C1A42767C329}.Release|Any CPU.ActiveCfg = Release|Any CPU
		{6AE28B86-A323-4407-A9E8-C1A42767C329}.Release|Any CPU.Build.0 = Release|Any CPU
		{89CF3157-27E7-4C39-850C-7B452F882B81}.Debug|Any CPU.ActiveCfg = Debug|Any CPU
		{89CF3157-27E7-4C39-850C-7B452F882B81}.Debug|Any CPU.Build.0 = Debug|Any CPU
		{89CF3157-27E7-4C39-850C-7B452F882B81}.Release|Any CPU.ActiveCfg = Release|Any CPU
		{89CF3157-27E7-4C39-850C-7B452F882B81}.Release|Any CPU.Build.0 = Release|Any CPU
	EndGlobalSection
	GlobalSection(SolutionProperties) = preSolution
		HideSolutionNode = FALSE
	EndGlobalSection
	GlobalSection(NestedProjects) = preSolution
		{BE820D41-2A11-44D3-ABC1-6A184E9EA39D} = {5F159B1A-D285-4CC0-B9A4-0EED5DD9E404}
		{6AE28B86-A323-4407-A9E8-C1A42767C318} = {5F159B1A-D285-4CC0-B9A4-0EED5DD9E404}
		{535EC3A8-4E19-48D3-9996-89DEC7F6D4DF} = {F0955D98-F101-4EE8-BA03-2EA1897EB458}
		{6AE28B86-A323-4407-A9E8-C1A42767C317} = {F0955D98-F101-4EE8-BA03-2EA1897EB458}
		{848544F1-BCAE-4B97-8171-89A92345CFA8} = {91E67C45-416C-4B05-86EF-472B940FCAAF}
		{6AE28B86-A323-4407-A9E8-C1A42767C319} = {91E67C45-416C-4B05-86EF-472B940FCAAF}
		{20B873D1-13A0-4EB4-BDFF-7710043B041E} = {91E67C45-416C-4B05-86EF-472B940FCABF}
		{6AE28B86-A323-4407-A9E8-C1A42767C329} = {91E67C45-416C-4B05-86EF-472B940FCABF}
		{89CF3157-27E7-4C39-850C-7B452F882B81} = {B36FE957-4D99-4839-9DCA-F7844DE956D4}
	EndGlobalSection
	GlobalSection(ExtensibilityGlobals) = postSolution
		SolutionGuid = {A6AB18C2-A309-4822-AF87-25976C799A8A}
	EndGlobalSection
EndGlobal
